// !$*UTF8*$!
{
	archiveVersion = 1;
	classes = {
	};
	objectVersion = 50;
	objects = {

/* Begin PBXBuildFile section */
		720118E323CFA37A00A3A227 /* LaunchScreen.storyboard in Resources */ = {isa = PBXBuildFile; fileRef = 720118E223CFA37A00A3A227 /* LaunchScreen.storyboard */; };
		7216AECA23E1146100962A0F /* HourCell.swift in Sources */ = {isa = PBXBuildFile; fileRef = 7216AEC923E1146100962A0F /* HourCell.swift */; };
		7216AECC23E121E600962A0F /* DayTableController.swift in Sources */ = {isa = PBXBuildFile; fileRef = 7216AECB23E121E600962A0F /* DayTableController.swift */; };
		7269234F23DBC5E20033B63B /* EventsDatabase.swift in Sources */ = {isa = PBXBuildFile; fileRef = 7269234E23DBC5E20033B63B /* EventsDatabase.swift */; };
		7269235E23DBFF7F0033B63B /* SQLite.framework in Frameworks */ = {isa = PBXBuildFile; fileRef = 7269235D23DBFF7F0033B63B /* SQLite.framework */; };
		810F6DD823E944120083224F /* AddEventViewController.swift in Sources */ = {isa = PBXBuildFile; fileRef = 810F6DD723E944120083224F /* AddEventViewController.swift */; };
		811521C623CD1FAB0055F6F9 /* MonthHeaderClass.swift in Sources */ = {isa = PBXBuildFile; fileRef = 811521C523CD1FAB0055F6F9 /* MonthHeaderClass.swift */; };
		811521C823CD272C0055F6F9 /* DailyViewController.swift in Sources */ = {isa = PBXBuildFile; fileRef = 811521C723CD272C0055F6F9 /* DailyViewController.swift */; };
		81A1BCE223EFE8CB001724DB /* detailedViewController.swift in Sources */ = {isa = PBXBuildFile; fileRef = 81A1BCE123EFE8CB001724DB /* detailedViewController.swift */; };
		81A1BCE423EFEEAD001724DB /* DetailedCell.swift in Sources */ = {isa = PBXBuildFile; fileRef = 81A1BCE323EFEEAD001724DB /* DetailedCell.swift */; };
		81A1BCE623EFF857001724DB /* DetailedEventsTableController.swift in Sources */ = {isa = PBXBuildFile; fileRef = 81A1BCE523EFF857001724DB /* DetailedEventsTableController.swift */; };
		81B786B823FBC5A500F4CECA /* IconCollectionViewCell.swift in Sources */ = {isa = PBXBuildFile; fileRef = 81B786B723FBC5A500F4CECA /* IconCollectionViewCell.swift */; };
		81D841A923FC6D1E003FB1BF /* Icons.csv in Resources */ = {isa = PBXBuildFile; fileRef = 81D841A823FC6D0E003FB1BF /* Icons.csv */; };
		81D841AB23FC788B003FB1BF /* Font Resources in Resources */ = {isa = PBXBuildFile; fileRef = 81D841AA23FC788B003FB1BF /* Font Resources */; };
		81D841B023FC793D003FB1BF /* fa-regular-400.ttf in Resources */ = {isa = PBXBuildFile; fileRef = 81D841AE23FC7931003FB1BF /* fa-regular-400.ttf */; };
		81D841B123FC7941003FB1BF /* fa-solid-900.ttf in Resources */ = {isa = PBXBuildFile; fileRef = 81D841AF23FC7931003FB1BF /* fa-solid-900.ttf */; };
		81E4A2BA23FCDF68001C00AD /* EventsDataBaseStringEntry.swift in Sources */ = {isa = PBXBuildFile; fileRef = 81E4A2B923FCDF68001C00AD /* EventsDataBaseStringEntry.swift */; };
		81E4A2BC23FCE4F9001C00AD /* IconView.swift in Sources */ = {isa = PBXBuildFile; fileRef = 81E4A2BB23FCE4F9001C00AD /* IconView.swift */; };
		81E89EC723FDD00C0016BE46 /* IconCollectionReusableView.swift in Sources */ = {isa = PBXBuildFile; fileRef = 81E89EC623FDD00C0016BE46 /* IconCollectionReusableView.swift */; };
		81FD006223E69DBB00CB094A /* DatePickerWithDone.swift in Sources */ = {isa = PBXBuildFile; fileRef = 81FD006123E69DBB00CB094A /* DatePickerWithDone.swift */; };
		8F46DF0423FDD62300E76541 /* IconsCollectionViewController.swift in Sources */ = {isa = PBXBuildFile; fileRef = 8F46DF0323FDD62300E76541 /* IconsCollectionViewController.swift */; };
		8FD1005923E8E90A004FA125 /* helpScreenViewController.swift in Sources */ = {isa = PBXBuildFile; fileRef = 8FD1005823E8E90A004FA125 /* helpScreenViewController.swift */; };
		8FFEEDEB23FA210A0025C3C6 /* libJTAppleCalendar.a in Frameworks */ = {isa = PBXBuildFile; fileRef = 8FFEEDE723FA210A0025C3C6 /* libJTAppleCalendar.a */; };
		8FFEEDEE23FA210A0025C3C6 /* libSQLite.swift.a in Frameworks */ = {isa = PBXBuildFile; fileRef = 8FFEEDEA23FA210A0025C3C6 /* libSQLite.swift.a */; };
		92056B4A1440CAD4D86DC3EB /* libPods-Time+.a in Frameworks */ = {isa = PBXBuildFile; fileRef = 3F1DC6BD10654C85F2667B13 /* libPods-Time+.a */; };
		D8FCFA9CB09AF9D2AEF03CD5 /* libPods-Time+Tests.a in Frameworks */ = {isa = PBXBuildFile; fileRef = D8267A9A2A6A7A70365AC116 /* libPods-Time+Tests.a */; };
		F1D51DBB239214F400C411C7 /* DayCell.swift in Sources */ = {isa = PBXBuildFile; fileRef = F1D51DBA239214F400C411C7 /* DayCell.swift */; };
		F1E545E42390A2150046525A /* AppDelegate.swift in Sources */ = {isa = PBXBuildFile; fileRef = F1E545E32390A2150046525A /* AppDelegate.swift */; };
		F1E545E62390A2150046525A /* SceneDelegate.swift in Sources */ = {isa = PBXBuildFile; fileRef = F1E545E52390A2150046525A /* SceneDelegate.swift */; };
		F1E545E82390A2150046525A /* ViewController.swift in Sources */ = {isa = PBXBuildFile; fileRef = F1E545E72390A2150046525A /* ViewController.swift */; };
		F1E545EB2390A2150046525A /* Main.storyboard in Resources */ = {isa = PBXBuildFile; fileRef = F1E545E92390A2150046525A /* Main.storyboard */; };
		F1E545ED2390A2170046525A /* Assets.xcassets in Resources */ = {isa = PBXBuildFile; fileRef = F1E545EC2390A2170046525A /* Assets.xcassets */; };
		F1E545FB2390A2180046525A /* Time_Tests.swift in Sources */ = {isa = PBXBuildFile; fileRef = F1E545FA2390A2180046525A /* Time_Tests.swift */; };
		F1E546062390A2180046525A /* Time_UITests.swift in Sources */ = {isa = PBXBuildFile; fileRef = F1E546052390A2180046525A /* Time_UITests.swift */; };
/* End PBXBuildFile section */

/* Begin PBXContainerItemProxy section */
		F1E545F72390A2170046525A /* PBXContainerItemProxy */ = {
			isa = PBXContainerItemProxy;
			containerPortal = F1E545D82390A2150046525A /* Project object */;
			proxyType = 1;
			remoteGlobalIDString = F1E545DF2390A2150046525A;
			remoteInfo = "Time+";
		};
		F1E546022390A2180046525A /* PBXContainerItemProxy */ = {
			isa = PBXContainerItemProxy;
			containerPortal = F1E545D82390A2150046525A /* Project object */;
			proxyType = 1;
			remoteGlobalIDString = F1E545DF2390A2150046525A;
			remoteInfo = "Time+";
		};
/* End PBXContainerItemProxy section */

/* Begin PBXFileReference section */
		1EA82EBFD5DDF03DB11030EA /* Pods-Time+Tests.debug.xcconfig */ = {isa = PBXFileReference; includeInIndex = 1; lastKnownFileType = text.xcconfig; name = "Pods-Time+Tests.debug.xcconfig"; path = "Target Support Files/Pods-Time+Tests/Pods-Time+Tests.debug.xcconfig"; sourceTree = "<group>"; };
		1F33CEAEB8D84A39CDFE7EAB /* Pods-Time+.debug.xcconfig */ = {isa = PBXFileReference; includeInIndex = 1; lastKnownFileType = text.xcconfig; name = "Pods-Time+.debug.xcconfig"; path = "Target Support Files/Pods-Time+/Pods-Time+.debug.xcconfig"; sourceTree = "<group>"; };
		3F1DC6BD10654C85F2667B13 /* libPods-Time+.a */ = {isa = PBXFileReference; explicitFileType = archive.ar; includeInIndex = 0; path = "libPods-Time+.a"; sourceTree = BUILT_PRODUCTS_DIR; };
		720118E223CFA37A00A3A227 /* LaunchScreen.storyboard */ = {isa = PBXFileReference; lastKnownFileType = file.storyboard; path = LaunchScreen.storyboard; sourceTree = "<group>"; };
		7216AEC923E1146100962A0F /* HourCell.swift */ = {isa = PBXFileReference; lastKnownFileType = sourcecode.swift; path = HourCell.swift; sourceTree = "<group>"; };
		7216AECB23E121E600962A0F /* DayTableController.swift */ = {isa = PBXFileReference; lastKnownFileType = sourcecode.swift; path = DayTableController.swift; sourceTree = "<group>"; };
		7269234E23DBC5E20033B63B /* EventsDatabase.swift */ = {isa = PBXFileReference; lastKnownFileType = sourcecode.swift; path = EventsDatabase.swift; sourceTree = "<group>"; };
		7269235D23DBFF7F0033B63B /* SQLite.framework */ = {isa = PBXFileReference; explicitFileType = wrapper.framework; path = SQLite.framework; sourceTree = BUILT_PRODUCTS_DIR; };
		755D12375EDEF3B6AC45E329 /* Pods-Time+Tests.release.xcconfig */ = {isa = PBXFileReference; includeInIndex = 1; lastKnownFileType = text.xcconfig; name = "Pods-Time+Tests.release.xcconfig"; path = "Target Support Files/Pods-Time+Tests/Pods-Time+Tests.release.xcconfig"; sourceTree = "<group>"; };
		810DBDF023FC5FCA00FB60B6 /* Resource */ = {isa = PBXFileReference; lastKnownFileType = folder; path = Resource; sourceTree = "<group>"; };
		810F6DD723E944120083224F /* AddEventViewController.swift */ = {isa = PBXFileReference; lastKnownFileType = sourcecode.swift; path = AddEventViewController.swift; sourceTree = "<group>"; };
		811521C523CD1FAB0055F6F9 /* MonthHeaderClass.swift */ = {isa = PBXFileReference; lastKnownFileType = sourcecode.swift; path = MonthHeaderClass.swift; sourceTree = "<group>"; };
		811521C723CD272C0055F6F9 /* DailyViewController.swift */ = {isa = PBXFileReference; lastKnownFileType = sourcecode.swift; path = DailyViewController.swift; sourceTree = "<group>"; };
		81A1BCE123EFE8CB001724DB /* detailedViewController.swift */ = {isa = PBXFileReference; lastKnownFileType = sourcecode.swift; path = detailedViewController.swift; sourceTree = "<group>"; };
		81A1BCE323EFEEAD001724DB /* DetailedCell.swift */ = {isa = PBXFileReference; lastKnownFileType = sourcecode.swift; path = DetailedCell.swift; sourceTree = "<group>"; };
		81A1BCE523EFF857001724DB /* DetailedEventsTableController.swift */ = {isa = PBXFileReference; lastKnownFileType = sourcecode.swift; path = DetailedEventsTableController.swift; sourceTree = "<group>"; };
		81B786B723FBC5A500F4CECA /* IconCollectionViewCell.swift */ = {isa = PBXFileReference; lastKnownFileType = sourcecode.swift; path = IconCollectionViewCell.swift; sourceTree = "<group>"; };
		81D841A823FC6D0E003FB1BF /* Icons.csv */ = {isa = PBXFileReference; lastKnownFileType = text; path = Icons.csv; sourceTree = "<group>"; };
		81D841AA23FC788B003FB1BF /* Font Resources */ = {isa = PBXFileReference; fileEncoding = 4; lastKnownFileType = text; path = "Font Resources"; sourceTree = SOURCE_ROOT; };
		81D841AE23FC7931003FB1BF /* fa-regular-400.ttf */ = {isa = PBXFileReference; lastKnownFileType = file; path = "fa-regular-400.ttf"; sourceTree = "<group>"; };
		81D841AF23FC7931003FB1BF /* fa-solid-900.ttf */ = {isa = PBXFileReference; lastKnownFileType = file; path = "fa-solid-900.ttf"; sourceTree = "<group>"; };
		81E4A2B923FCDF68001C00AD /* EventsDataBaseStringEntry.swift */ = {isa = PBXFileReference; lastKnownFileType = sourcecode.swift; path = EventsDataBaseStringEntry.swift; sourceTree = "<group>"; };
		81E4A2BB23FCE4F9001C00AD /* IconView.swift */ = {isa = PBXFileReference; lastKnownFileType = sourcecode.swift; path = IconView.swift; sourceTree = "<group>"; };
		81E89EC623FDD00C0016BE46 /* IconCollectionReusableView.swift */ = {isa = PBXFileReference; lastKnownFileType = sourcecode.swift; path = IconCollectionReusableView.swift; sourceTree = "<group>"; };
		81FD006123E69DBB00CB094A /* DatePickerWithDone.swift */ = {isa = PBXFileReference; lastKnownFileType = sourcecode.swift; path = DatePickerWithDone.swift; sourceTree = "<group>"; };
		86302A99EB5898DC7E2E5293 /* Pods-Time+.release.xcconfig */ = {isa = PBXFileReference; includeInIndex = 1; lastKnownFileType = text.xcconfig; name = "Pods-Time+.release.xcconfig"; path = "Target Support Files/Pods-Time+/Pods-Time+.release.xcconfig"; sourceTree = "<group>"; };
		8F46DF0323FDD62300E76541 /* IconsCollectionViewController.swift */ = {isa = PBXFileReference; fileEncoding = 4; lastKnownFileType = sourcecode.swift; path = IconsCollectionViewController.swift; sourceTree = "<group>"; };
		8FD1005823E8E90A004FA125 /* helpScreenViewController.swift */ = {isa = PBXFileReference; lastKnownFileType = sourcecode.swift; path = helpScreenViewController.swift; sourceTree = "<group>"; };
		8FFEEDDD23F9D0790025C3C6 /* libJTAppleCalendar.a */ = {isa = PBXFileReference; explicitFileType = archive.ar; path = libJTAppleCalendar.a; sourceTree = BUILT_PRODUCTS_DIR; };
		8FFEEDDF23F9D0790025C3C6 /* libSQLite.swift.a */ = {isa = PBXFileReference; explicitFileType = archive.ar; path = libSQLite.swift.a; sourceTree = BUILT_PRODUCTS_DIR; };
		8FFEEDE723FA210A0025C3C6 /* libJTAppleCalendar.a */ = {isa = PBXFileReference; explicitFileType = archive.ar; path = libJTAppleCalendar.a; sourceTree = BUILT_PRODUCTS_DIR; };
		8FFEEDEA23FA210A0025C3C6 /* libSQLite.swift.a */ = {isa = PBXFileReference; explicitFileType = archive.ar; path = libSQLite.swift.a; sourceTree = BUILT_PRODUCTS_DIR; };
		D8267A9A2A6A7A70365AC116 /* libPods-Time+Tests.a */ = {isa = PBXFileReference; explicitFileType = archive.ar; includeInIndex = 0; path = "libPods-Time+Tests.a"; sourceTree = BUILT_PRODUCTS_DIR; };
		F1D51DBA239214F400C411C7 /* DayCell.swift */ = {isa = PBXFileReference; lastKnownFileType = sourcecode.swift; path = DayCell.swift; sourceTree = "<group>"; };
		F1E545E02390A2150046525A /* TimePlus.app */ = {isa = PBXFileReference; explicitFileType = wrapper.application; includeInIndex = 0; path = TimePlus.app; sourceTree = BUILT_PRODUCTS_DIR; };
		F1E545E32390A2150046525A /* AppDelegate.swift */ = {isa = PBXFileReference; lastKnownFileType = sourcecode.swift; path = AppDelegate.swift; sourceTree = "<group>"; };
		F1E545E52390A2150046525A /* SceneDelegate.swift */ = {isa = PBXFileReference; lastKnownFileType = sourcecode.swift; path = SceneDelegate.swift; sourceTree = "<group>"; };
		F1E545E72390A2150046525A /* ViewController.swift */ = {isa = PBXFileReference; lastKnownFileType = sourcecode.swift; path = ViewController.swift; sourceTree = "<group>"; };
		F1E545EA2390A2150046525A /* Base */ = {isa = PBXFileReference; lastKnownFileType = file.storyboard; name = Base; path = Base.lproj/Main.storyboard; sourceTree = "<group>"; };
		F1E545EC2390A2170046525A /* Assets.xcassets */ = {isa = PBXFileReference; lastKnownFileType = folder.assetcatalog; path = Assets.xcassets; sourceTree = "<group>"; };
		F1E545F12390A2170046525A /* Info.plist */ = {isa = PBXFileReference; lastKnownFileType = text.plist.xml; path = Info.plist; sourceTree = "<group>"; };
		F1E545F62390A2170046525A /* Time+Tests.xctest */ = {isa = PBXFileReference; explicitFileType = wrapper.cfbundle; includeInIndex = 0; path = "Time+Tests.xctest"; sourceTree = BUILT_PRODUCTS_DIR; };
		F1E545FA2390A2180046525A /* Time_Tests.swift */ = {isa = PBXFileReference; lastKnownFileType = sourcecode.swift; path = Time_Tests.swift; sourceTree = "<group>"; };
		F1E545FC2390A2180046525A /* Info.plist */ = {isa = PBXFileReference; lastKnownFileType = text.plist.xml; path = Info.plist; sourceTree = "<group>"; };
		F1E546012390A2180046525A /* Time+UITests.xctest */ = {isa = PBXFileReference; explicitFileType = wrapper.cfbundle; includeInIndex = 0; path = "Time+UITests.xctest"; sourceTree = BUILT_PRODUCTS_DIR; };
		F1E546052390A2180046525A /* Time_UITests.swift */ = {isa = PBXFileReference; lastKnownFileType = sourcecode.swift; path = Time_UITests.swift; sourceTree = "<group>"; };
		F1E546072390A2180046525A /* Info.plist */ = {isa = PBXFileReference; lastKnownFileType = text.plist.xml; path = Info.plist; sourceTree = "<group>"; };
/* End PBXFileReference section */

/* Begin PBXFrameworksBuildPhase section */
		F1E545DD2390A2150046525A /* Frameworks */ = {
			isa = PBXFrameworksBuildPhase;
			buildActionMask = 2147483647;
			files = (
				8FFEEDEB23FA210A0025C3C6 /* libJTAppleCalendar.a in Frameworks */,
				8FFEEDEE23FA210A0025C3C6 /* libSQLite.swift.a in Frameworks */,
				92056B4A1440CAD4D86DC3EB /* libPods-Time+.a in Frameworks */,
			);
			runOnlyForDeploymentPostprocessing = 0;
		};
		F1E545F32390A2170046525A /* Frameworks */ = {
			isa = PBXFrameworksBuildPhase;
			buildActionMask = 2147483647;
			files = (
				7269235E23DBFF7F0033B63B /* SQLite.framework in Frameworks */,
				D8FCFA9CB09AF9D2AEF03CD5 /* libPods-Time+Tests.a in Frameworks */,
			);
			runOnlyForDeploymentPostprocessing = 0;
		};
		F1E545FE2390A2180046525A /* Frameworks */ = {
			isa = PBXFrameworksBuildPhase;
			buildActionMask = 2147483647;
			files = (
			);
			runOnlyForDeploymentPostprocessing = 0;
		};
/* End PBXFrameworksBuildPhase section */

/* Begin PBXGroup section */
		8FFEEDDC23F9D04C0025C3C6 /* Recovered References */ = {
			isa = PBXGroup;
			children = (
			);
			name = "Recovered References";
			sourceTree = "<group>";
		};
		F13DB5E062806C2D64B6145F /* Pods */ = {
			isa = PBXGroup;
			children = (
				1F33CEAEB8D84A39CDFE7EAB /* Pods-Time+.debug.xcconfig */,
				86302A99EB5898DC7E2E5293 /* Pods-Time+.release.xcconfig */,
				1EA82EBFD5DDF03DB11030EA /* Pods-Time+Tests.debug.xcconfig */,
				755D12375EDEF3B6AC45E329 /* Pods-Time+Tests.release.xcconfig */,
			);
			path = Pods;
			sourceTree = "<group>";
		};
		F1E545D72390A2150046525A = {
			isa = PBXGroup;
			children = (
				F1E545E22390A2150046525A /* Time+ */,
				F1E545F92390A2170046525A /* Time+Tests */,
				F1E546042390A2180046525A /* Time+UITests */,
				F1E545E12390A2150046525A /* Products */,
				F1E5461D2390A3BE0046525A /* Frameworks */,
				F13DB5E062806C2D64B6145F /* Pods */,
				8FFEEDDC23F9D04C0025C3C6 /* Recovered References */,
			);
			sourceTree = "<group>";
		};
		F1E545E12390A2150046525A /* Products */ = {
			isa = PBXGroup;
			children = (
				F1E545E02390A2150046525A /* TimePlus.app */,
				F1E545F62390A2170046525A /* Time+Tests.xctest */,
				F1E546012390A2180046525A /* Time+UITests.xctest */,
			);
			name = Products;
			sourceTree = "<group>";
		};
		F1E545E22390A2150046525A /* Time+ */ = {
			isa = PBXGroup;
			children = (
				81D841AE23FC7931003FB1BF /* fa-regular-400.ttf */,
				81D841AF23FC7931003FB1BF /* fa-solid-900.ttf */,
				81D841AA23FC788B003FB1BF /* Font Resources */,
				81D841A823FC6D0E003FB1BF /* Icons.csv */,
				810DBDF023FC5FCA00FB60B6 /* Resource */,
				F1E545E32390A2150046525A /* AppDelegate.swift */,
				8F46DF0323FDD62300E76541 /* IconsCollectionViewController.swift */,
				F1E545E52390A2150046525A /* SceneDelegate.swift */,
				F1E545E72390A2150046525A /* ViewController.swift */,
				F1E545E92390A2150046525A /* Main.storyboard */,
				81B786B723FBC5A500F4CECA /* IconCollectionViewCell.swift */,
				8FD1005823E8E90A004FA125 /* helpScreenViewController.swift */,
				811521C523CD1FAB0055F6F9 /* MonthHeaderClass.swift */,
				F1E545EC2390A2170046525A /* Assets.xcassets */,
				F1E545F12390A2170046525A /* Info.plist */,
				F1D51DBA239214F400C411C7 /* DayCell.swift */,
				811521C723CD272C0055F6F9 /* DailyViewController.swift */,
				720118E223CFA37A00A3A227 /* LaunchScreen.storyboard */,
				7269234E23DBC5E20033B63B /* EventsDatabase.swift */,
				7216AEC923E1146100962A0F /* HourCell.swift */,
				7216AECB23E121E600962A0F /* DayTableController.swift */,
				81FD006123E69DBB00CB094A /* DatePickerWithDone.swift */,
				810F6DD723E944120083224F /* AddEventViewController.swift */,
				81A1BCE123EFE8CB001724DB /* detailedViewController.swift */,
				81A1BCE323EFEEAD001724DB /* DetailedCell.swift */,
				81A1BCE523EFF857001724DB /* DetailedEventsTableController.swift */,
				81E4A2B923FCDF68001C00AD /* EventsDataBaseStringEntry.swift */,
				81E4A2BB23FCE4F9001C00AD /* IconView.swift */,
				81E89EC623FDD00C0016BE46 /* IconCollectionReusableView.swift */,
			);
			path = "Time+";
			sourceTree = "<group>";
		};
		F1E545F92390A2170046525A /* Time+Tests */ = {
			isa = PBXGroup;
			children = (
				F1E545FA2390A2180046525A /* Time_Tests.swift */,
				F1E545FC2390A2180046525A /* Info.plist */,
			);
			path = "Time+Tests";
			sourceTree = "<group>";
		};
		F1E546042390A2180046525A /* Time+UITests */ = {
			isa = PBXGroup;
			children = (
				F1E546052390A2180046525A /* Time_UITests.swift */,
				F1E546072390A2180046525A /* Info.plist */,
			);
			path = "Time+UITests";
			sourceTree = "<group>";
		};
		F1E5461D2390A3BE0046525A /* Frameworks */ = {
			isa = PBXGroup;
			children = (
				8FFEEDE723FA210A0025C3C6 /* libJTAppleCalendar.a */,
				8FFEEDEA23FA210A0025C3C6 /* libSQLite.swift.a */,
				8FFEEDDD23F9D0790025C3C6 /* libJTAppleCalendar.a */,
				8FFEEDDF23F9D0790025C3C6 /* libSQLite.swift.a */,
				7269235D23DBFF7F0033B63B /* SQLite.framework */,
				3F1DC6BD10654C85F2667B13 /* libPods-Time+.a */,
				D8267A9A2A6A7A70365AC116 /* libPods-Time+Tests.a */,
			);
			name = Frameworks;
			sourceTree = "<group>";
		};
/* End PBXGroup section */

/* Begin PBXNativeTarget section */
		F1E545DF2390A2150046525A /* Time+ */ = {
			isa = PBXNativeTarget;
			buildConfigurationList = F1E5460A2390A2180046525A /* Build configuration list for PBXNativeTarget "Time+" */;
			buildPhases = (
				A5C67495F5DD3D5FD1CF3A06 /* [CP] Check Pods Manifest.lock */,
				F1E545DC2390A2150046525A /* Sources */,
				F1E545DD2390A2150046525A /* Frameworks */,
				F1E545DE2390A2150046525A /* Resources */,
			);
			buildRules = (
			);
			dependencies = (
			);
			name = "Time+";
			productName = "Time+";
			productReference = F1E545E02390A2150046525A /* TimePlus.app */;
			productType = "com.apple.product-type.application";
		};
		F1E545F52390A2170046525A /* Time+Tests */ = {
			isa = PBXNativeTarget;
			buildConfigurationList = F1E5460D2390A2180046525A /* Build configuration list for PBXNativeTarget "Time+Tests" */;
			buildPhases = (
				55CBCDC91C37C0DF74A27192 /* [CP] Check Pods Manifest.lock */,
				F1E545F22390A2170046525A /* Sources */,
				F1E545F32390A2170046525A /* Frameworks */,
				F1E545F42390A2170046525A /* Resources */,
			);
			buildRules = (
			);
			dependencies = (
				F1E545F82390A2170046525A /* PBXTargetDependency */,
			);
			name = "Time+Tests";
			productName = "Time+Tests";
			productReference = F1E545F62390A2170046525A /* Time+Tests.xctest */;
			productType = "com.apple.product-type.bundle.unit-test";
		};
		F1E546002390A2180046525A /* Time+UITests */ = {
			isa = PBXNativeTarget;
			buildConfigurationList = F1E546102390A2180046525A /* Build configuration list for PBXNativeTarget "Time+UITests" */;
			buildPhases = (
				F1E545FD2390A2180046525A /* Sources */,
				F1E545FE2390A2180046525A /* Frameworks */,
				F1E545FF2390A2180046525A /* Resources */,
			);
			buildRules = (
			);
			dependencies = (
				F1E546032390A2180046525A /* PBXTargetDependency */,
			);
			name = "Time+UITests";
			productName = "Time+UITests";
			productReference = F1E546012390A2180046525A /* Time+UITests.xctest */;
			productType = "com.apple.product-type.bundle.ui-testing";
		};
/* End PBXNativeTarget section */

/* Begin PBXProject section */
		F1E545D82390A2150046525A /* Project object */ = {
			isa = PBXProject;
			attributes = {
				LastSwiftUpdateCheck = 1120;
				LastUpgradeCheck = 1120;
				ORGANIZATIONNAME = "LibLabs-Mac";
				TargetAttributes = {
					F1E545DF2390A2150046525A = {
						CreatedOnToolsVersion = 11.2;
					};
					F1E545F52390A2170046525A = {
						CreatedOnToolsVersion = 11.2;
						TestTargetID = F1E545DF2390A2150046525A;
					};
					F1E546002390A2180046525A = {
						CreatedOnToolsVersion = 11.2;
						TestTargetID = F1E545DF2390A2150046525A;
					};
				};
			};
			buildConfigurationList = F1E545DB2390A2150046525A /* Build configuration list for PBXProject "Time+" */;
			compatibilityVersion = "Xcode 9.3";
			developmentRegion = en;
			hasScannedForEncodings = 0;
			knownRegions = (
				en,
				Base,
			);
			mainGroup = F1E545D72390A2150046525A;
			productRefGroup = F1E545E12390A2150046525A /* Products */;
			projectDirPath = "";
			projectRoot = "";
			targets = (
				F1E545DF2390A2150046525A /* Time+ */,
				F1E545F52390A2170046525A /* Time+Tests */,
				F1E546002390A2180046525A /* Time+UITests */,
			);
		};
/* End PBXProject section */

/* Begin PBXResourcesBuildPhase section */
		F1E545DE2390A2150046525A /* Resources */ = {
			isa = PBXResourcesBuildPhase;
			buildActionMask = 2147483647;
			files = (
				81D841A923FC6D1E003FB1BF /* Icons.csv in Resources */,
				81D841B123FC7941003FB1BF /* fa-solid-900.ttf in Resources */,
				720118E323CFA37A00A3A227 /* LaunchScreen.storyboard in Resources */,
				81D841B023FC793D003FB1BF /* fa-regular-400.ttf in Resources */,
				F1E545ED2390A2170046525A /* Assets.xcassets in Resources */,
				81D841AB23FC788B003FB1BF /* Font Resources in Resources */,
				F1E545EB2390A2150046525A /* Main.storyboard in Resources */,
			);
			runOnlyForDeploymentPostprocessing = 0;
		};
		F1E545F42390A2170046525A /* Resources */ = {
			isa = PBXResourcesBuildPhase;
			buildActionMask = 2147483647;
			files = (
			);
			runOnlyForDeploymentPostprocessing = 0;
		};
		F1E545FF2390A2180046525A /* Resources */ = {
			isa = PBXResourcesBuildPhase;
			buildActionMask = 2147483647;
			files = (
			);
			runOnlyForDeploymentPostprocessing = 0;
		};
/* End PBXResourcesBuildPhase section */

/* Begin PBXShellScriptBuildPhase section */
		55CBCDC91C37C0DF74A27192 /* [CP] Check Pods Manifest.lock */ = {
			isa = PBXShellScriptBuildPhase;
			buildActionMask = 2147483647;
			files = (
			);
			inputFileListPaths = (
			);
			inputPaths = (
				"${PODS_PODFILE_DIR_PATH}/Podfile.lock",
				"${PODS_ROOT}/Manifest.lock",
			);
			name = "[CP] Check Pods Manifest.lock";
			outputFileListPaths = (
			);
			outputPaths = (
				"$(DERIVED_FILE_DIR)/Pods-Time+Tests-checkManifestLockResult.txt",
			);
			runOnlyForDeploymentPostprocessing = 0;
			shellPath = /bin/sh;
			shellScript = "diff \"${PODS_PODFILE_DIR_PATH}/Podfile.lock\" \"${PODS_ROOT}/Manifest.lock\" > /dev/null\nif [ $? != 0 ] ; then\n    # print error to STDERR\n    echo \"error: The sandbox is not in sync with the Podfile.lock. Run 'pod install' or update your CocoaPods installation.\" >&2\n    exit 1\nfi\n# This output is used by Xcode 'outputs' to avoid re-running this script phase.\necho \"SUCCESS\" > \"${SCRIPT_OUTPUT_FILE_0}\"\n";
			showEnvVarsInLog = 0;
		};
		A5C67495F5DD3D5FD1CF3A06 /* [CP] Check Pods Manifest.lock */ = {
			isa = PBXShellScriptBuildPhase;
			buildActionMask = 2147483647;
			files = (
			);
			inputFileListPaths = (
			);
			inputPaths = (
				"${PODS_PODFILE_DIR_PATH}/Podfile.lock",
				"${PODS_ROOT}/Manifest.lock",
			);
			name = "[CP] Check Pods Manifest.lock";
			outputFileListPaths = (
			);
			outputPaths = (
				"$(DERIVED_FILE_DIR)/Pods-Time+-checkManifestLockResult.txt",
			);
			runOnlyForDeploymentPostprocessing = 0;
			shellPath = /bin/sh;
			shellScript = "diff \"${PODS_PODFILE_DIR_PATH}/Podfile.lock\" \"${PODS_ROOT}/Manifest.lock\" > /dev/null\nif [ $? != 0 ] ; then\n    # print error to STDERR\n    echo \"error: The sandbox is not in sync with the Podfile.lock. Run 'pod install' or update your CocoaPods installation.\" >&2\n    exit 1\nfi\n# This output is used by Xcode 'outputs' to avoid re-running this script phase.\necho \"SUCCESS\" > \"${SCRIPT_OUTPUT_FILE_0}\"\n";
			showEnvVarsInLog = 0;
		};
/* End PBXShellScriptBuildPhase section */

/* Begin PBXSourcesBuildPhase section */
		F1E545DC2390A2150046525A /* Sources */ = {
			isa = PBXSourcesBuildPhase;
			buildActionMask = 2147483647;
			files = (
				81E89EC723FDD00C0016BE46 /* IconCollectionReusableView.swift in Sources */,
				F1E545E82390A2150046525A /* ViewController.swift in Sources */,
				810F6DD823E944120083224F /* AddEventViewController.swift in Sources */,
				8FD1005923E8E90A004FA125 /* helpScreenViewController.swift in Sources */,
				81E4A2BC23FCE4F9001C00AD /* IconView.swift in Sources */,
				7269234F23DBC5E20033B63B /* EventsDatabase.swift in Sources */,
				F1E545E42390A2150046525A /* AppDelegate.swift in Sources */,
				7216AECA23E1146100962A0F /* HourCell.swift in Sources */,
				F1D51DBB239214F400C411C7 /* DayCell.swift in Sources */,
				81B786B823FBC5A500F4CECA /* IconCollectionViewCell.swift in Sources */,
				81A1BCE223EFE8CB001724DB /* detailedViewController.swift in Sources */,
				F1E545E62390A2150046525A /* SceneDelegate.swift in Sources */,
				811521C823CD272C0055F6F9 /* DailyViewController.swift in Sources */,
				8F46DF0423FDD62300E76541 /* IconsCollectionViewController.swift in Sources */,
				811521C623CD1FAB0055F6F9 /* MonthHeaderClass.swift in Sources */,
				81A1BCE423EFEEAD001724DB /* DetailedCell.swift in Sources */,
				81FD006223E69DBB00CB094A /* DatePickerWithDone.swift in Sources */,
				7216AECC23E121E600962A0F /* DayTableController.swift in Sources */,
				81E4A2BA23FCDF68001C00AD /* EventsDataBaseStringEntry.swift in Sources */,
				81A1BCE623EFF857001724DB /* DetailedEventsTableController.swift in Sources */,
			);
			runOnlyForDeploymentPostprocessing = 0;
		};
		F1E545F22390A2170046525A /* Sources */ = {
			isa = PBXSourcesBuildPhase;
			buildActionMask = 2147483647;
			files = (
				F1E545FB2390A2180046525A /* Time_Tests.swift in Sources */,
			);
			runOnlyForDeploymentPostprocessing = 0;
		};
		F1E545FD2390A2180046525A /* Sources */ = {
			isa = PBXSourcesBuildPhase;
			buildActionMask = 2147483647;
			files = (
				F1E546062390A2180046525A /* Time_UITests.swift in Sources */,
			);
			runOnlyForDeploymentPostprocessing = 0;
		};
/* End PBXSourcesBuildPhase section */

/* Begin PBXTargetDependency section */
		F1E545F82390A2170046525A /* PBXTargetDependency */ = {
			isa = PBXTargetDependency;
			target = F1E545DF2390A2150046525A /* Time+ */;
			targetProxy = F1E545F72390A2170046525A /* PBXContainerItemProxy */;
		};
		F1E546032390A2180046525A /* PBXTargetDependency */ = {
			isa = PBXTargetDependency;
			target = F1E545DF2390A2150046525A /* Time+ */;
			targetProxy = F1E546022390A2180046525A /* PBXContainerItemProxy */;
		};
/* End PBXTargetDependency section */

/* Begin PBXVariantGroup section */
		F1E545E92390A2150046525A /* Main.storyboard */ = {
			isa = PBXVariantGroup;
			children = (
				F1E545EA2390A2150046525A /* Base */,
			);
			name = Main.storyboard;
			sourceTree = "<group>";
		};
/* End PBXVariantGroup section */

/* Begin XCBuildConfiguration section */
		F1E546082390A2180046525A /* Debug */ = {
			isa = XCBuildConfiguration;
			buildSettings = {
				ALWAYS_SEARCH_USER_PATHS = NO;
				CLANG_ANALYZER_NONNULL = YES;
				CLANG_ANALYZER_NUMBER_OBJECT_CONVERSION = YES_AGGRESSIVE;
				CLANG_CXX_LANGUAGE_STANDARD = "gnu++14";
				CLANG_CXX_LIBRARY = "libc++";
				CLANG_ENABLE_MODULES = YES;
				CLANG_ENABLE_OBJC_ARC = YES;
				CLANG_ENABLE_OBJC_WEAK = YES;
				CLANG_WARN_BLOCK_CAPTURE_AUTORELEASING = YES;
				CLANG_WARN_BOOL_CONVERSION = YES;
				CLANG_WARN_COMMA = YES;
				CLANG_WARN_CONSTANT_CONVERSION = YES;
				CLANG_WARN_DEPRECATED_OBJC_IMPLEMENTATIONS = YES;
				CLANG_WARN_DIRECT_OBJC_ISA_USAGE = YES_ERROR;
				CLANG_WARN_DOCUMENTATION_COMMENTS = YES;
				CLANG_WARN_EMPTY_BODY = YES;
				CLANG_WARN_ENUM_CONVERSION = YES;
				CLANG_WARN_INFINITE_RECURSION = YES;
				CLANG_WARN_INT_CONVERSION = YES;
				CLANG_WARN_NON_LITERAL_NULL_CONVERSION = YES;
				CLANG_WARN_OBJC_IMPLICIT_RETAIN_SELF = YES;
				CLANG_WARN_OBJC_LITERAL_CONVERSION = YES;
				CLANG_WARN_OBJC_ROOT_CLASS = YES_ERROR;
				CLANG_WARN_RANGE_LOOP_ANALYSIS = YES;
				CLANG_WARN_STRICT_PROTOTYPES = YES;
				CLANG_WARN_SUSPICIOUS_MOVE = YES;
				CLANG_WARN_UNGUARDED_AVAILABILITY = YES_AGGRESSIVE;
				CLANG_WARN_UNREACHABLE_CODE = YES;
				CLANG_WARN__DUPLICATE_METHOD_MATCH = YES;
				COPY_PHASE_STRIP = NO;
				DEBUG_INFORMATION_FORMAT = dwarf;
				ENABLE_STRICT_OBJC_MSGSEND = YES;
				ENABLE_TESTABILITY = YES;
				GCC_C_LANGUAGE_STANDARD = gnu11;
				GCC_DYNAMIC_NO_PIC = NO;
				GCC_NO_COMMON_BLOCKS = YES;
				GCC_OPTIMIZATION_LEVEL = 0;
				GCC_PREPROCESSOR_DEFINITIONS = (
					"DEBUG=1",
					"$(inherited)",
				);
				GCC_WARN_64_TO_32_BIT_CONVERSION = YES;
				GCC_WARN_ABOUT_RETURN_TYPE = YES_ERROR;
				GCC_WARN_UNDECLARED_SELECTOR = YES;
				GCC_WARN_UNINITIALIZED_AUTOS = YES_AGGRESSIVE;
				GCC_WARN_UNUSED_FUNCTION = YES;
				GCC_WARN_UNUSED_VARIABLE = YES;
				IPHONEOS_DEPLOYMENT_TARGET = 13.2;
				MTL_ENABLE_DEBUG_INFO = INCLUDE_SOURCE;
				MTL_FAST_MATH = YES;
				ONLY_ACTIVE_ARCH = YES;
				SDKROOT = iphoneos;
				SWIFT_ACTIVE_COMPILATION_CONDITIONS = DEBUG;
				SWIFT_OPTIMIZATION_LEVEL = "-Onone";
			};
			name = Debug;
		};
		F1E546092390A2180046525A /* Release */ = {
			isa = XCBuildConfiguration;
			buildSettings = {
				ALWAYS_SEARCH_USER_PATHS = NO;
				CLANG_ANALYZER_NONNULL = YES;
				CLANG_ANALYZER_NUMBER_OBJECT_CONVERSION = YES_AGGRESSIVE;
				CLANG_CXX_LANGUAGE_STANDARD = "gnu++14";
				CLANG_CXX_LIBRARY = "libc++";
				CLANG_ENABLE_MODULES = YES;
				CLANG_ENABLE_OBJC_ARC = YES;
				CLANG_ENABLE_OBJC_WEAK = YES;
				CLANG_WARN_BLOCK_CAPTURE_AUTORELEASING = YES;
				CLANG_WARN_BOOL_CONVERSION = YES;
				CLANG_WARN_COMMA = YES;
				CLANG_WARN_CONSTANT_CONVERSION = YES;
				CLANG_WARN_DEPRECATED_OBJC_IMPLEMENTATIONS = YES;
				CLANG_WARN_DIRECT_OBJC_ISA_USAGE = YES_ERROR;
				CLANG_WARN_DOCUMENTATION_COMMENTS = YES;
				CLANG_WARN_EMPTY_BODY = YES;
				CLANG_WARN_ENUM_CONVERSION = YES;
				CLANG_WARN_INFINITE_RECURSION = YES;
				CLANG_WARN_INT_CONVERSION = YES;
				CLANG_WARN_NON_LITERAL_NULL_CONVERSION = YES;
				CLANG_WARN_OBJC_IMPLICIT_RETAIN_SELF = YES;
				CLANG_WARN_OBJC_LITERAL_CONVERSION = YES;
				CLANG_WARN_OBJC_ROOT_CLASS = YES_ERROR;
				CLANG_WARN_RANGE_LOOP_ANALYSIS = YES;
				CLANG_WARN_STRICT_PROTOTYPES = YES;
				CLANG_WARN_SUSPICIOUS_MOVE = YES;
				CLANG_WARN_UNGUARDED_AVAILABILITY = YES_AGGRESSIVE;
				CLANG_WARN_UNREACHABLE_CODE = YES;
				CLANG_WARN__DUPLICATE_METHOD_MATCH = YES;
				COPY_PHASE_STRIP = NO;
				DEBUG_INFORMATION_FORMAT = "dwarf-with-dsym";
				ENABLE_NS_ASSERTIONS = NO;
				ENABLE_STRICT_OBJC_MSGSEND = YES;
				GCC_C_LANGUAGE_STANDARD = gnu11;
				GCC_NO_COMMON_BLOCKS = YES;
				GCC_WARN_64_TO_32_BIT_CONVERSION = YES;
				GCC_WARN_ABOUT_RETURN_TYPE = YES_ERROR;
				GCC_WARN_UNDECLARED_SELECTOR = YES;
				GCC_WARN_UNINITIALIZED_AUTOS = YES_AGGRESSIVE;
				GCC_WARN_UNUSED_FUNCTION = YES;
				GCC_WARN_UNUSED_VARIABLE = YES;
				IPHONEOS_DEPLOYMENT_TARGET = 13.2;
				MTL_ENABLE_DEBUG_INFO = NO;
				MTL_FAST_MATH = YES;
				SDKROOT = iphoneos;
				SWIFT_COMPILATION_MODE = wholemodule;
				SWIFT_OPTIMIZATION_LEVEL = "-O";
				VALIDATE_PRODUCT = YES;
			};
			name = Release;
		};
		F1E5460B2390A2180046525A /* Debug */ = {
			isa = XCBuildConfiguration;
			baseConfigurationReference = 1F33CEAEB8D84A39CDFE7EAB /* Pods-Time+.debug.xcconfig */;
			buildSettings = {
				ASSETCATALOG_COMPILER_APPICON_NAME = AppIcon;
				CODE_SIGN_STYLE = Automatic;
				CURRENT_PROJECT_VERSION = 3;
				DEVELOPMENT_TEAM = 2PLXSBA7GR;
				INFOPLIST_FILE = "Time+/Info.plist";
				LD_RUNPATH_SEARCH_PATHS = (
					"$(inherited)",
					"@executable_path/Frameworks",
				);
				MARKETING_VERSION = 1.1;
				PRODUCT_BUNDLE_IDENTIFIER = "Time-.Time-";
				PRODUCT_NAME = TimePlus;
				SWIFT_VERSION = 5.0;
				TARGETED_DEVICE_FAMILY = "1,2";
			};
			name = Debug;
		};
		F1E5460C2390A2180046525A /* Release */ = {
			isa = XCBuildConfiguration;
			baseConfigurationReference = 86302A99EB5898DC7E2E5293 /* Pods-Time+.release.xcconfig */;
			buildSettings = {
				ASSETCATALOG_COMPILER_APPICON_NAME = AppIcon;
				CODE_SIGN_STYLE = Automatic;
				CURRENT_PROJECT_VERSION = 3;
				DEVELOPMENT_TEAM = 2PLXSBA7GR;
				INFOPLIST_FILE = "Time+/Info.plist";
				LD_RUNPATH_SEARCH_PATHS = (
					"$(inherited)",
					"@executable_path/Frameworks",
				);
				MARKETING_VERSION = 1.1;
				PRODUCT_BUNDLE_IDENTIFIER = "Time-.Time-";
				PRODUCT_NAME = TimePlus;
				SWIFT_VERSION = 5.0;
				TARGETED_DEVICE_FAMILY = "1,2";
			};
			name = Release;
		};
		F1E5460E2390A2180046525A /* Debug */ = {
			isa = XCBuildConfiguration;
			baseConfigurationReference = 1EA82EBFD5DDF03DB11030EA /* Pods-Time+Tests.debug.xcconfig */;
			buildSettings = {
				ALWAYS_EMBED_SWIFT_STANDARD_LIBRARIES = YES;
				BUNDLE_LOADER = "$(TEST_HOST)";
				CODE_SIGN_STYLE = Automatic;
				INFOPLIST_FILE = "Time+Tests/Info.plist";
				IPHONEOS_DEPLOYMENT_TARGET = 13.2;
				LD_RUNPATH_SEARCH_PATHS = (
					"$(inherited)",
					"@executable_path/Frameworks",
					"@loader_path/Frameworks",
				);
				PRODUCT_BUNDLE_IDENTIFIER = "Time-.Time-Tests";
				PRODUCT_NAME = "$(TARGET_NAME)";
				SWIFT_VERSION = 5.0;
				TARGETED_DEVICE_FAMILY = "1,2";
				TEST_HOST = "$(BUILT_PRODUCTS_DIR)/Time+.app/Time+";
			};
			name = Debug;
		};
		F1E5460F2390A2180046525A /* Release */ = {
			isa = XCBuildConfiguration;
			baseConfigurationReference = 755D12375EDEF3B6AC45E329 /* Pods-Time+Tests.release.xcconfig */;
			buildSettings = {
				ALWAYS_EMBED_SWIFT_STANDARD_LIBRARIES = YES;
				BUNDLE_LOADER = "$(TEST_HOST)";
				CODE_SIGN_STYLE = Automatic;
				INFOPLIST_FILE = "Time+Tests/Info.plist";
				IPHONEOS_DEPLOYMENT_TARGET = 13.2;
				LD_RUNPATH_SEARCH_PATHS = (
					"$(inherited)",
					"@executable_path/Frameworks",
					"@loader_path/Frameworks",
				);
				PRODUCT_BUNDLE_IDENTIFIER = "Time-.Time-Tests";
				PRODUCT_NAME = "$(TARGET_NAME)";
				SWIFT_VERSION = 5.0;
				TARGETED_DEVICE_FAMILY = "1,2";
				TEST_HOST = "$(BUILT_PRODUCTS_DIR)/Time+.app/Time+";
			};
			name = Release;
		};
		F1E546112390A2180046525A /* Debug */ = {
			isa = XCBuildConfiguration;
			buildSettings = {
				ALWAYS_EMBED_SWIFT_STANDARD_LIBRARIES = YES;
				CODE_SIGN_STYLE = Automatic;
				INFOPLIST_FILE = "Time+UITests/Info.plist";
				LD_RUNPATH_SEARCH_PATHS = (
					"$(inherited)",
					"@executable_path/Frameworks",
					"@loader_path/Frameworks",
				);
				PRODUCT_BUNDLE_IDENTIFIER = "Time-.Time-UITests";
				PRODUCT_NAME = "$(TARGET_NAME)";
				SWIFT_VERSION = 5.0;
				TARGETED_DEVICE_FAMILY = "1,2";
				TEST_TARGET_NAME = "Time+";
			};
			name = Debug;
		};
		F1E546122390A2180046525A /* Release */ = {
			isa = XCBuildConfiguration;
			buildSettings = {
				ALWAYS_EMBED_SWIFT_STANDARD_LIBRARIES = YES;
				CODE_SIGN_STYLE = Automatic;
				INFOPLIST_FILE = "Time+UITests/Info.plist";
				LD_RUNPATH_SEARCH_PATHS = (
					"$(inherited)",
					"@executable_path/Frameworks",
					"@loader_path/Frameworks",
				);
				PRODUCT_BUNDLE_IDENTIFIER = "Time-.Time-UITests";
				PRODUCT_NAME = "$(TARGET_NAME)";
				SWIFT_VERSION = 5.0;
				TARGETED_DEVICE_FAMILY = "1,2";
				TEST_TARGET_NAME = "Time+";
			};
			name = Release;
		};
/* End XCBuildConfiguration section */

/* Begin XCConfigurationList section */
		F1E545DB2390A2150046525A /* Build configuration list for PBXProject "Time+" */ = {
			isa = XCConfigurationList;
			buildConfigurations = (
				F1E546082390A2180046525A /* Debug */,
				F1E546092390A2180046525A /* Release */,
			);
			defaultConfigurationIsVisible = 0;
			defaultConfigurationName = Release;
		};
		F1E5460A2390A2180046525A /* Build configuration list for PBXNativeTarget "Time+" */ = {
			isa = XCConfigurationList;
			buildConfigurations = (
				F1E5460B2390A2180046525A /* Debug */,
				F1E5460C2390A2180046525A /* Release */,
			);
			defaultConfigurationIsVisible = 0;
			defaultConfigurationName = Release;
		};
		F1E5460D2390A2180046525A /* Build configuration list for PBXNativeTarget "Time+Tests" */ = {
			isa = XCConfigurationList;
			buildConfigurations = (
				F1E5460E2390A2180046525A /* Debug */,
				F1E5460F2390A2180046525A /* Release */,
			);
			defaultConfigurationIsVisible = 0;
			defaultConfigurationName = Release;
		};
		F1E546102390A2180046525A /* Build configuration list for PBXNativeTarget "Time+UITests" */ = {
			isa = XCConfigurationList;
			buildConfigurations = (
				F1E546112390A2180046525A /* Debug */,
				F1E546122390A2180046525A /* Release */,
			);
			defaultConfigurationIsVisible = 0;
			defaultConfigurationName = Release;
		};
/* End XCConfigurationList section */
	};
	rootObject = F1E545D82390A2150046525A /* Project object */;
}
